
Microsoft Visual Studio Solution File, Format Version 12.00
Project("{FAE04EC0-301F-11D3-BF4B-00C04F79EFBC}") = "Advent24", "Advent24\Advent24.csproj", "{399CBBBA-3AF2-4E61-841A-673888B81484}"
EndProject
Global
	GlobalSection(SolutionConfigurationPlatforms) = preSolution
		Debug|Any CPU = Debug|Any CPU
		Release|Any CPU = Release|Any CPU
	EndGlobalSection
	GlobalSection(ProjectConfigurationPlatforms) = postSolution
		{399CBBBA-3AF2-4E61-841A-673888B81484}.Debug|Any CPU.ActiveCfg = Debug|Any CPU
		{399CBBBA-3AF2-4E61-841A-673888B81484}.Debug|Any CPU.Build.0 = Debug|Any CPU
		{399CBBBA-3AF2-4E61-841A-673888B81484}.Release|Any CPU.ActiveCfg = Release|Any CPU
		{399CBBBA-3AF2-4E61-841A-673888B81484}.Release|Any CPU.Build.0 = Release|Any CPU
	EndGlobalSection
EndGlobal
